
Microsoft Visual Studio Solution File, Format Version 12.00
# Visual Studio Version 17
VisualStudioVersion = 17.14.36127.28
MinimumVisualStudioVersion = 10.0.40219.1
Project("{FAE04EC0-301F-11D3-BF4B-00C04F79EFBC}") = "BlazingPizza", "BlazingPizza\BlazingPizza.csproj", "{FAEF1A1A-3B93-46D2-8E8C-80606C950AC1}"
EndProject
Project("{FAE04EC0-301F-11D3-BF4B-00C04F79EFBC}") = "BlazingPizza.ComponentsLibrary", "BlazingPizza.ComponentsLibrary\BlazingPizza.ComponentsLibrary.csproj", "{197C55AF-66B6-E5C8-F174-6618B5365549}"
EndProject
Project("{FAE04EC0-301F-11D3-BF4B-00C04F79EFBC}") = "BlazingPizza.Shared", "BlazingPizza.Shared\BlazingPizza.Shared.csproj", "{C19C268D-8678-5131-18F6-500836F88B4D}"
EndProject
Global
	GlobalSection(SolutionConfigurationPlatforms) = preSolution
		Debug|Any CPU = Debug|Any CPU
		Release|Any CPU = Release|Any CPU
	EndGlobalSection
	GlobalSection(ProjectConfigurationPlatforms) = postSolution
		{FAEF1A1A-3B93-46D2-8E8C-80606C950AC1}.Debug|Any CPU.ActiveCfg = Debug|Any CPU
		{FAEF1A1A-3B93-46D2-8E8C-80606C950AC1}.Debug|Any CPU.Build.0 = Debug|Any CPU
		{FAEF1A1A-3B93-46D2-8E8C-80606C950AC1}.Release|Any CPU.ActiveCfg = Release|Any CPU
		{FAEF1A1A-3B93-46D2-8E8C-80606C950AC1}.Release|Any CPU.Build.0 = Release|Any CPU
		{197C55AF-66B6-E5C8-F174-6618B5365549}.Debug|Any CPU.ActiveCfg = Debug|Any CPU
		{197C55AF-66B6-E5C8-F174-6618B5365549}.Debug|Any CPU.Build.0 = Debug|Any CPU
		{197C55AF-66B6-E5C8-F174-6618B5365549}.Release|Any CPU.ActiveCfg = Release|Any CPU
		{197C55AF-66B6-E5C8-F174-6618B5365549}.Release|Any CPU.Build.0 = Release|Any CPU
		{C19C268D-8678-5131-18F6-500836F88B4D}.Debug|Any CPU.ActiveCfg = Debug|Any CPU
		{C19C268D-8678-5131-18F6-500836F88B4D}.Debug|Any CPU.Build.0 = Debug|Any CPU
		{C19C268D-8678-5131-18F6-500836F88B4D}.Release|Any CPU.ActiveCfg = Release|Any CPU
		{C19C268D-8678-5131-18F6-500836F88B4D}.Release|Any CPU.Build.0 = Release|Any CPU
	EndGlobalSection
	GlobalSection(SolutionProperties) = preSolution
		HideSolutionNode = FALSE
	EndGlobalSection
	GlobalSection(ExtensibilityGlobals) = postSolution
		SolutionGuid = {D3F70E33-D23D-43A2-ACF6-9A9A4A2CD562}
	EndGlobalSection
EndGlobal
